
Microsoft Visual Studio Solution File, Format Version 12.00
# Visual Studio Version 17
VisualStudioVersion = 17.8.34322.80
MinimumVisualStudioVersion = 10.0.40219.1
Project("{FAE04EC0-301F-11D3-BF4B-00C04F79EFBC}") = "dRofusAssignment", "dRofusAssignment\dRofusAssignment.csproj", "{2B717C88-627D-45B3-B164-0416F917CDB0}"
EndProject
Project("{FAE04EC0-301F-11D3-BF4B-00C04F79EFBC}") = "VendingMachineTestProject", "VendingMachineTestProject\VendingMachineTestProject.csproj", "{5D30DEC6-A560-48BE-BA93-21E64A57DAA6}"
EndProject
Project("{FAE04EC0-301F-11D3-BF4B-00C04F79EFBC}") = "ContactManagement", "ContactManagement\ContactManagement.csproj", "{360F107E-0E4A-4469-A321-936923E578B0}"
EndProject
Global
	GlobalSection(SolutionConfigurationPlatforms) = preSolution
		Debug|Any CPU = Debug|Any CPU
		Release|Any CPU = Release|Any CPU
	EndGlobalSection
	GlobalSection(ProjectConfigurationPlatforms) = postSolution
		{2B717C88-627D-45B3-B164-0416F917CDB0}.Debug|Any CPU.ActiveCfg = Debug|Any CPU
		{2B717C88-627D-45B3-B164-0416F917CDB0}.Debug|Any CPU.Build.0 = Debug|Any CPU
		{2B717C88-627D-45B3-B164-0416F917CDB0}.Release|Any CPU.ActiveCfg = Release|Any CPU
		{2B717C88-627D-45B3-B164-0416F917CDB0}.Release|Any CPU.Build.0 = Release|Any CPU
		{5D30DEC6-A560-48BE-BA93-21E64A57DAA6}.Debug|Any CPU.ActiveCfg = Debug|Any CPU
		{5D30DEC6-A560-48BE-BA93-21E64A57DAA6}.Debug|Any CPU.Build.0 = Debug|Any CPU
		{5D30DEC6-A560-48BE-BA93-21E64A57DAA6}.Release|Any CPU.ActiveCfg = Release|Any CPU
		{5D30DEC6-A560-48BE-BA93-21E64A57DAA6}.Release|Any CPU.Build.0 = Release|Any CPU
		{360F107E-0E4A-4469-A321-936923E578B0}.Debug|Any CPU.ActiveCfg = Debug|Any CPU
		{360F107E-0E4A-4469-A321-936923E578B0}.Debug|Any CPU.Build.0 = Debug|Any CPU
		{360F107E-0E4A-4469-A321-936923E578B0}.Release|Any CPU.ActiveCfg = Release|Any CPU
		{360F107E-0E4A-4469-A321-936923E578B0}.Release|Any CPU.Build.0 = Release|Any CPU
	EndGlobalSection
	GlobalSection(SolutionProperties) = preSolution
		HideSolutionNode = FALSE
	EndGlobalSection
	GlobalSection(ExtensibilityGlobals) = postSolution
		SolutionGuid = {3D36C091-3F09-4801-AE51-FCE7CBD029FD}
	EndGlobalSection
EndGlobal
